{
  "version": 4,
  "terraform_version": "1.5.7",
  "serial": 35,
  "lineage": "0507c8ac-d9a4-4c07-ee83-a4442cda58aa",
  "outputs": {
    "api_key_secret_name": {
      "value": "projects/288872845538/secrets/api-gateway-key",
      "type": "string"
    },
    "processed_bucket": {
      "value": "serverless-pipeline-488416-secure-event-processed",
      "type": "string"
    },
    "project_id": {
      "value": "serverless-pipeline-488416",
      "type": "string"
    },
    "region": {
      "value": "us-central1",
      "type": "string"
    },
    "requests_topic": {
      "value": "image-processing-requests",
      "type": "string"
    },
    "results_topic": {
      "value": "image-processing-results",
      "type": "string"
    },
    "service_account": {
      "value": "serverless-pipeline-sa@serverless-pipeline-488416.iam.gserviceaccount.com",
      "type": "string"
    },
    "uploads_bucket": {
      "value": "serverless-pipeline-488416-secure-event-uploads",
      "type": "string"
    }
  },
  "resources": [
    {
      "mode": "managed",
      "type": "google_cloudfunctions2_function",
      "name": "process",
      "provider": "provider[\"registry.terraform.io/hashicorp/google\"]",
      "instances": [
        {
          "schema_version": 0,
          "attributes": {
            "build_config": [
              {
                "automatic_update_policy": [
                  {}
                ],
                "build": "projects/288872845538/locations/us-central1/builds/860a8d5b-ec21-4a59-b83a-5cf337fc6828",
                "docker_repository": "projects/serverless-pipeline-488416/locations/us-central1/repositories/gcf-artifacts",
                "entry_point": "process_image",
                "environment_variables": {},
                "on_deploy_update_policy": [],
                "runtime": "python311",
                "service_account": "projects/serverless-pipeline-488416/serviceAccounts/288872845538-compute@developer.gserviceaccount.com",
                "source": [
                  {
                    "repo_source": [],
                    "storage_source": [
                      {
                        "bucket": "serverless-pipeline-488416-secure-event-uploads",
                        "generation": 1772029220277841,
                        "object": "process-function-source.zip"
                      }
                    ]
                  }
                ],
                "worker_pool": ""
              }
            ],
            "description": "",
            "effective_labels": {},
            "environment": "GEN_2",
            "event_trigger": [
              {
                "event_filters": [
                  {
                    "attribute": "bucket",
                    "operator": "",
                    "value": "serverless-pipeline-488416-secure-event-uploads"
                  }
                ],
                "event_type": "google.cloud.storage.object.v1.finalized",
                "pubsub_topic": "projects/serverless-pipeline-488416/topics/eventarc-us-central1-process-image-961044-719",
                "retry_policy": "RETRY_POLICY_DO_NOT_RETRY",
                "service_account_email": "288872845538-compute@developer.gserviceaccount.com",
                "trigger": "projects/serverless-pipeline-488416/locations/us-central1/triggers/process-image-961044",
                "trigger_region": "us-central1"
              }
            ],
            "id": "projects/serverless-pipeline-488416/locations/us-central1/functions/process-image",
            "kms_key_name": "",
            "labels": null,
            "location": "us-central1",
            "name": "process-image",
            "project": "serverless-pipeline-488416",
            "service_config": [
              {
                "all_traffic_on_latest_revision": true,
                "available_cpu": "0.1666",
                "available_memory": "256M",
                "environment_variables": {
                  "LOG_EXECUTION_ID": "true"
                },
                "gcf_uri": "",
                "ingress_settings": "ALLOW_ALL",
                "max_instance_count": 0,
                "max_instance_request_concurrency": 1,
                "min_instance_count": 0,
                "secret_environment_variables": [],
                "secret_volumes": [],
                "service": "projects/serverless-pipeline-488416/locations/us-central1/services/process-image",
                "service_account_email": "serverless-pipeline-sa@serverless-pipeline-488416.iam.gserviceaccount.com",
                "timeout_seconds": 60,
                "uri": "https://process-image-kpitiuoaua-uc.a.run.app",
                "vpc_connector": "",
                "vpc_connector_egress_settings": ""
              }
            ],
            "state": "ACTIVE",
            "terraform_labels": {},
            "timeouts": null,
            "update_time": "2026-02-25T14:21:36.523051397Z",
            "url": "https://us-central1-serverless-pipeline-488416.cloudfunctions.net/process-image"
          },
          "sensitive_attributes": [],
          "private": "eyJlMmJmYjczMC1lY2FhLTExZTYtOGY4OC0zNDM2M2JjN2M0YzAiOnsiY3JlYXRlIjozNjAwMDAwMDAwMDAwLCJkZWxldGUiOjM2MDAwMDAwMDAwMDAsInVwZGF0ZSI6MzYwMDAwMDAwMDAwMH19",
          "dependencies": [
            "google_service_account.functions_sa",
            "google_storage_bucket.uploads"
          ]
        }
      ]
    },
    {
      "mode": "managed",
      "type": "google_cloudfunctions2_function",
      "name": "upload",
      "provider": "provider[\"registry.terraform.io/hashicorp/google\"]",
      "instances": [
        {
          "schema_version": 0,
          "attributes": {
            "build_config": [
              {
                "automatic_update_policy": [
                  {}
                ],
                "build": "projects/288872845538/locations/us-central1/builds/d8145a98-0010-4ab6-83e0-d58b21bcb29f",
                "docker_repository": "projects/serverless-pipeline-488416/locations/us-central1/repositories/gcf-artifacts",
                "entry_point": "upload_image",
                "environment_variables": {},
                "on_deploy_update_policy": [],
                "runtime": "python311",
                "service_account": "projects/serverless-pipeline-488416/serviceAccounts/288872845538-compute@developer.gserviceaccount.com",
                "source": [
                  {
                    "repo_source": [],
                    "storage_source": [
                      {
                        "bucket": "serverless-pipeline-488416-secure-event-uploads",
                        "generation": 1772011014142283,
                        "object": "upload.zip"
                      }
                    ]
                  }
                ],
                "worker_pool": ""
              }
            ],
            "description": "",
            "effective_labels": {},
            "environment": "GEN_2",
            "event_trigger": [],
            "id": "projects/serverless-pipeline-488416/locations/us-central1/functions/upload-image",
            "kms_key_name": "",
            "labels": {},
            "location": "us-central1",
            "name": "upload-image",
            "project": "serverless-pipeline-488416",
            "service_config": [
              {
                "all_traffic_on_latest_revision": true,
                "available_cpu": "0.1666",
                "available_memory": "256M",
                "environment_variables": {
                  "LOG_EXECUTION_ID": "true",
                  "TOPIC_NAME": "image-processing-requests",
                  "UPLOAD_BUCKET": "serverless-pipeline-488416-secure-event-uploads"
                },
                "gcf_uri": "",
                "ingress_settings": "ALLOW_ALL",
                "max_instance_count": 0,
                "max_instance_request_concurrency": 1,
                "min_instance_count": 0,
                "secret_environment_variables": [],
                "secret_volumes": [],
                "service": "projects/serverless-pipeline-488416/locations/us-central1/services/upload-image",
                "service_account_email": "serverless-pipeline-sa@serverless-pipeline-488416.iam.gserviceaccount.com",
                "timeout_seconds": 60,
                "uri": "https://upload-image-kpitiuoaua-uc.a.run.app",
                "vpc_connector": "",
                "vpc_connector_egress_settings": ""
              }
            ],
            "state": "ACTIVE",
            "terraform_labels": {},
            "timeouts": null,
            "update_time": "2026-02-25T09:17:51.472109159Z",
            "url": "https://us-central1-serverless-pipeline-488416.cloudfunctions.net/upload-image"
          },
          "sensitive_attributes": [],
          "private": "eyJlMmJmYjczMC1lY2FhLTExZTYtOGY4OC0zNDM2M2JjN2M0YzAiOnsiY3JlYXRlIjozNjAwMDAwMDAwMDAwLCJkZWxldGUiOjM2MDAwMDAwMDAwMDAsInVwZGF0ZSI6MzYwMDAwMDAwMDAwMH19",
          "dependencies": [
            "google_pubsub_topic.requests",
            "google_service_account.functions_sa",
            "google_storage_bucket.uploads"
          ]
        }
      ]
    },
    {
      "mode": "managed",
      "type": "google_project_iam_member",
      "name": "gcs",
      "provider": "provider[\"registry.terraform.io/hashicorp/google\"]",
      "instances": [
        {
          "schema_version": 0,
          "attributes": {
            "condition": [],
            "etag": "BwZLprEZ3GY=",
            "id": "serverless-pipeline-488416/roles/storage.objectAdmin/serviceAccount:serverless-pipeline-sa@serverless-pipeline-488416.iam.gserviceaccount.com",
            "member": "serviceAccount:serverless-pipeline-sa@serverless-pipeline-488416.iam.gserviceaccount.com",
            "project": "serverless-pipeline-488416",
            "role": "roles/storage.objectAdmin"
          },
          "sensitive_attributes": [],
          "private": "bnVsbA==",
          "dependencies": [
            "google_service_account.functions_sa"
          ]
        }
      ]
    },
    {
      "mode": "managed",
      "type": "google_project_iam_member",
      "name": "logging",
      "provider": "provider[\"registry.terraform.io/hashicorp/google\"]",
      "instances": [
        {
          "schema_version": 0,
          "attributes": {
            "condition": [],
            "etag": "BwZLprEZ3GY=",
            "id": "serverless-pipeline-488416/roles/logging.logWriter/serviceAccount:serverless-pipeline-sa@serverless-pipeline-488416.iam.gserviceaccount.com",
            "member": "serviceAccount:serverless-pipeline-sa@serverless-pipeline-488416.iam.gserviceaccount.com",
            "project": "serverless-pipeline-488416",
            "role": "roles/logging.logWriter"
          },
          "sensitive_attributes": [],
          "private": "bnVsbA==",
          "dependencies": [
            "google_service_account.functions_sa"
          ]
        }
      ]
    },
    {
      "mode": "managed",
      "type": "google_project_iam_member",
      "name": "pubsub",
      "provider": "provider[\"registry.terraform.io/hashicorp/google\"]",
      "instances": [
        {
          "schema_version": 0,
          "attributes": {
            "condition": [],
            "etag": "BwZLprEZ3GY=",
            "id": "serverless-pipeline-488416/roles/pubsub.publisher/serviceAccount:serverless-pipeline-sa@serverless-pipeline-488416.iam.gserviceaccount.com",
            "member": "serviceAccount:serverless-pipeline-sa@serverless-pipeline-488416.iam.gserviceaccount.com",
            "project": "serverless-pipeline-488416",
            "role": "roles/pubsub.publisher"
          },
          "sensitive_attributes": [],
          "private": "bnVsbA==",
          "dependencies": [
            "google_service_account.functions_sa"
          ]
        }
      ]
    },
    {
      "mode": "managed",
      "type": "google_project_iam_member",
      "name": "pubsub_sub",
      "provider": "provider[\"registry.terraform.io/hashicorp/google\"]",
      "instances": [
        {
          "schema_version": 0,
          "attributes": {
            "condition": [],
            "etag": "BwZLprEZ3GY=",
            "id": "serverless-pipeline-488416/roles/pubsub.subscriber/serviceAccount:serverless-pipeline-sa@serverless-pipeline-488416.iam.gserviceaccount.com",
            "member": "serviceAccount:serverless-pipeline-sa@serverless-pipeline-488416.iam.gserviceaccount.com",
            "project": "serverless-pipeline-488416",
            "role": "roles/pubsub.subscriber"
          },
          "sensitive_attributes": [],
          "private": "bnVsbA==",
          "dependencies": [
            "google_service_account.functions_sa"
          ]
        }
      ]
    },
    {
      "mode": "managed",
      "type": "google_project_iam_member",
      "name": "secret",
      "provider": "provider[\"registry.terraform.io/hashicorp/google\"]",
      "instances": [
        {
          "schema_version": 0,
          "attributes": {
            "condition": [],
            "etag": "BwZLprEZ3GY=",
            "id": "serverless-pipeline-488416/roles/secretmanager.secretAccessor/serviceAccount:serverless-pipeline-sa@serverless-pipeline-488416.iam.gserviceaccount.com",
            "member": "serviceAccount:serverless-pipeline-sa@serverless-pipeline-488416.iam.gserviceaccount.com",
            "project": "serverless-pipeline-488416",
            "role": "roles/secretmanager.secretAccessor"
          },
          "sensitive_attributes": [],
          "private": "bnVsbA==",
          "dependencies": [
            "google_service_account.functions_sa"
          ]
        }
      ]
    },
    {
      "mode": "managed",
      "type": "google_pubsub_topic",
      "name": "requests",
      "provider": "provider[\"registry.terraform.io/hashicorp/google\"]",
      "instances": [
        {
          "schema_version": 0,
          "attributes": {
            "effective_labels": {},
            "id": "projects/serverless-pipeline-488416/topics/image-processing-requests",
            "ingestion_data_source_settings": [],
            "kms_key_name": "",
            "labels": {},
            "message_retention_duration": "",
            "message_storage_policy": [],
            "name": "image-processing-requests",
            "project": "serverless-pipeline-488416",
            "schema_settings": [],
            "terraform_labels": {},
            "timeouts": null
          },
          "sensitive_attributes": [],
          "private": "eyJlMmJmYjczMC1lY2FhLTExZTYtOGY4OC0zNDM2M2JjN2M0YzAiOnsiY3JlYXRlIjoxMjAwMDAwMDAwMDAwLCJkZWxldGUiOjEyMDAwMDAwMDAwMDAsInVwZGF0ZSI6MTIwMDAwMDAwMDAwMH0sInNjaGVtYV92ZXJzaW9uIjoiMCJ9"
        }
      ]
    },
    {
      "mode": "managed",
      "type": "google_pubsub_topic",
      "name": "results",
      "provider": "provider[\"registry.terraform.io/hashicorp/google\"]",
      "instances": [
        {
          "schema_version": 0,
          "attributes": {
            "effective_labels": {},
            "id": "projects/serverless-pipeline-488416/topics/image-processing-results",
            "ingestion_data_source_settings": [],
            "kms_key_name": "",
            "labels": {},
            "message_retention_duration": "",
            "message_storage_policy": [],
            "name": "image-processing-results",
            "project": "serverless-pipeline-488416",
            "schema_settings": [],
            "terraform_labels": {},
            "timeouts": null
          },
          "sensitive_attributes": [],
          "private": "eyJlMmJmYjczMC1lY2FhLTExZTYtOGY4OC0zNDM2M2JjN2M0YzAiOnsiY3JlYXRlIjoxMjAwMDAwMDAwMDAwLCJkZWxldGUiOjEyMDAwMDAwMDAwMDAsInVwZGF0ZSI6MTIwMDAwMDAwMDAwMH0sInNjaGVtYV92ZXJzaW9uIjoiMCJ9"
        }
      ]
    },
    {
      "mode": "managed",
      "type": "google_secret_manager_secret",
      "name": "api_key",
      "provider": "provider[\"registry.terraform.io/hashicorp/google\"]",
      "instances": [
        {
          "schema_version": 0,
          "attributes": {
            "annotations": {},
            "create_time": "2026-02-25T05:20:03.534017Z",
            "effective_annotations": {},
            "effective_labels": {},
            "expire_time": "",
            "id": "projects/serverless-pipeline-488416/secrets/api-gateway-key",
            "labels": {},
            "name": "projects/288872845538/secrets/api-gateway-key",
            "project": "serverless-pipeline-488416",
            "replication": [
              {
                "auto": [
                  {
                    "customer_managed_encryption": []
                  }
                ],
                "user_managed": []
              }
            ],
            "rotation": [],
            "secret_id": "api-gateway-key",
            "terraform_labels": {},
            "timeouts": null,
            "topics": [],
            "ttl": null,
            "version_aliases": {},
            "version_destroy_ttl": ""
          },
          "sensitive_attributes": [],
          "private": "eyJlMmJmYjczMC1lY2FhLTExZTYtOGY4OC0zNDM2M2JjN2M0YzAiOnsiY3JlYXRlIjoxMjAwMDAwMDAwMDAwLCJkZWxldGUiOjEyMDAwMDAwMDAwMDAsInVwZGF0ZSI6MTIwMDAwMDAwMDAwMH0sInNjaGVtYV92ZXJzaW9uIjoiMCJ9"
        }
      ]
    },
    {
      "mode": "managed",
      "type": "google_secret_manager_secret_version",
      "name": "api_key_version",
      "provider": "provider[\"registry.terraform.io/hashicorp/google\"]",
      "instances": [
        {
          "schema_version": 0,
          "attributes": {
            "create_time": "2026-02-25T09:13:08.720002Z",
            "deletion_policy": "DELETE",
            "destroy_time": "",
            "enabled": true,
            "id": "projects/288872845538/secrets/api-gateway-key/versions/2",
            "is_secret_data_base64": false,
            "name": "projects/288872845538/secrets/api-gateway-key/versions/2",
            "secret": "projects/serverless-pipeline-488416/secrets/api-gateway-key",
            "secret_data": "CHANGE-ME-API-KEY",
            "timeouts": null,
            "version": "2"
          },
          "sensitive_attributes": [],
          "private": "eyJlMmJmYjczMC1lY2FhLTExZTYtOGY4OC0zNDM2M2JjN2M0YzAiOnsiY3JlYXRlIjoxMjAwMDAwMDAwMDAwLCJkZWxldGUiOjEyMDAwMDAwMDAwMDAsInVwZGF0ZSI6MTIwMDAwMDAwMDAwMH19",
          "dependencies": [
            "google_secret_manager_secret.api_key"
          ]
        }
      ]
    },
    {
      "mode": "managed",
      "type": "google_service_account",
      "name": "functions_sa",
      "provider": "provider[\"registry.terraform.io/hashicorp/google\"]",
      "instances": [
        {
          "schema_version": 0,
          "attributes": {
            "account_id": "serverless-pipeline-sa",
            "create_ignore_already_exists": null,
            "description": "",
            "disabled": false,
            "display_name": "Serverless Pipeline SA",
            "email": "serverless-pipeline-sa@serverless-pipeline-488416.iam.gserviceaccount.com",
            "id": "projects/serverless-pipeline-488416/serviceAccounts/serverless-pipeline-sa@serverless-pipeline-488416.iam.gserviceaccount.com",
            "member": "serviceAccount:serverless-pipeline-sa@serverless-pipeline-488416.iam.gserviceaccount.com",
            "name": "projects/serverless-pipeline-488416/serviceAccounts/serverless-pipeline-sa@serverless-pipeline-488416.iam.gserviceaccount.com",
            "project": "serverless-pipeline-488416",
            "timeouts": null,
            "unique_id": "115339055233369257926"
          },
          "sensitive_attributes": [],
          "private": "eyJlMmJmYjczMC1lY2FhLTExZTYtOGY4OC0zNDM2M2JjN2M0YzAiOnsiY3JlYXRlIjozMDAwMDAwMDAwMDB9LCJzY2hlbWFfdmVyc2lvbiI6IjAifQ=="
        }
      ]
    },
    {
      "mode": "managed",
      "type": "google_storage_bucket",
      "name": "processed",
      "provider": "provider[\"registry.terraform.io/hashicorp/google\"]",
      "instances": [
        {
          "schema_version": 2,
          "attributes": {
            "autoclass": [],
            "cors": [],
            "custom_placement_config": [],
            "default_event_based_hold": false,
            "effective_labels": {},
            "enable_object_retention": false,
            "encryption": [],
            "force_destroy": false,
            "id": "serverless-pipeline-488416-secure-event-processed",
            "labels": {},
            "lifecycle_rule": [],
            "location": "US-CENTRAL1",
            "logging": [],
            "name": "serverless-pipeline-488416-secure-event-processed",
            "project": "serverless-pipeline-488416",
            "project_number": 288872845538,
            "public_access_prevention": "inherited",
            "requester_pays": false,
            "retention_policy": [],
            "rpo": null,
            "self_link": "https://www.googleapis.com/storage/v1/b/serverless-pipeline-488416-secure-event-processed",
            "soft_delete_policy": [
              {
                "effective_time": "2026-02-25T05:26:42.832Z",
                "retention_duration_seconds": 604800
              }
            ],
            "storage_class": "STANDARD",
            "terraform_labels": {},
            "timeouts": null,
            "uniform_bucket_level_access": true,
            "url": "gs://serverless-pipeline-488416-secure-event-processed",
            "versioning": [],
            "website": []
          },
          "sensitive_attributes": [],
          "private": "eyJlMmJmYjczMC1lY2FhLTExZTYtOGY4OC0zNDM2M2JjN2M0YzAiOnsiY3JlYXRlIjo2MDAwMDAwMDAwMDAsInJlYWQiOjI0MDAwMDAwMDAwMCwidXBkYXRlIjoyNDAwMDAwMDAwMDB9LCJzY2hlbWFfdmVyc2lvbiI6IjIifQ=="
        }
      ]
    },
    {
      "mode": "managed",
      "type": "google_storage_bucket",
      "name": "uploads",
      "provider": "provider[\"registry.terraform.io/hashicorp/google\"]",
      "instances": [
        {
          "schema_version": 2,
          "attributes": {
            "autoclass": [],
            "cors": [],
            "custom_placement_config": [],
            "default_event_based_hold": false,
            "effective_labels": {},
            "enable_object_retention": false,
            "encryption": [],
            "force_destroy": false,
            "id": "serverless-pipeline-488416-secure-event-uploads",
            "labels": {},
            "lifecycle_rule": [
              {
                "action": [
                  {
                    "storage_class": "",
                    "type": "Delete"
                  }
                ],
                "condition": [
                  {
                    "age": 7,
                    "created_before": "",
                    "custom_time_before": "",
                    "days_since_custom_time": 0,
                    "days_since_noncurrent_time": 0,
                    "matches_prefix": [],
                    "matches_storage_class": [],
                    "matches_suffix": [],
                    "no_age": false,
                    "noncurrent_time_before": "",
                    "num_newer_versions": 0,
                    "send_age_if_zero": true,
                    "send_days_since_custom_time_if_zero": false,
                    "send_days_since_noncurrent_time_if_zero": false,
                    "send_num_newer_versions_if_zero": false,
                    "with_state": "ANY"
                  }
                ]
              }
            ],
            "location": "US-CENTRAL1",
            "logging": [],
            "name": "serverless-pipeline-488416-secure-event-uploads",
            "project": "serverless-pipeline-488416",
            "project_number": 288872845538,
            "public_access_prevention": "inherited",
            "requester_pays": false,
            "retention_policy": [],
            "rpo": null,
            "self_link": "https://www.googleapis.com/storage/v1/b/serverless-pipeline-488416-secure-event-uploads",
            "soft_delete_policy": [
              {
                "effective_time": "2026-02-25T05:26:42.618Z",
                "retention_duration_seconds": 604800
              }
            ],
            "storage_class": "STANDARD",
            "terraform_labels": {},
            "timeouts": null,
            "uniform_bucket_level_access": true,
            "url": "gs://serverless-pipeline-488416-secure-event-uploads",
            "versioning": [],
            "website": []
          },
          "sensitive_attributes": [],
          "private": "eyJlMmJmYjczMC1lY2FhLTExZTYtOGY4OC0zNDM2M2JjN2M0YzAiOnsiY3JlYXRlIjo2MDAwMDAwMDAwMDAsInJlYWQiOjI0MDAwMDAwMDAwMCwidXBkYXRlIjoyNDAwMDAwMDAwMDB9LCJzY2hlbWFfdmVyc2lvbiI6IjIifQ=="
        }
      ]
    }
  ],
  "check_results": null
}
